
Microsoft Visual Studio Solution File, Format Version 12.00
# Visual Studio 15
VisualStudioVersion = 15.0.28010.2003
MinimumVisualStudioVersion = 10.0.40219.1
Project("{FAE04EC0-301F-11D3-BF4B-00C04F79EFBC}") = "MB40Marketing", "WindowsFormsApp1\MB40Marketing.csproj", "{6EBD0ECF-F64E-4AE3-A05F-76D0453A5D01}"
EndProject
Global
	GlobalSection(SolutionConfigurationPlatforms) = preSolution
		Debug|Any CPU = Debug|Any CPU
		Release|Any CPU = Release|Any CPU
	EndGlobalSection
	GlobalSection(ProjectConfigurationPlatforms) = postSolution
		{6EBD0ECF-F64E-4AE3-A05F-76D0453A5D01}.Debug|Any CPU.ActiveCfg = Debug|Any CPU
		{6EBD0ECF-F64E-4AE3-A05F-76D0453A5D01}.Debug|Any CPU.Build.0 = Debug|Any CPU
		{6EBD0ECF-F64E-4AE3-A05F-76D0453A5D01}.Release|Any CPU.ActiveCfg = Release|Any CPU
		{6EBD0ECF-F64E-4AE3-A05F-76D0453A5D01}.Release|Any CPU.Build.0 = Release|Any CPU
	EndGlobalSection
	GlobalSection(SolutionProperties) = preSolution
		HideSolutionNode = FALSE
	EndGlobalSection
	GlobalSection(ExtensibilityGlobals) = postSolution
		SolutionGuid = {5F9B1556-13FD-4D7A-9649-6298491586E7}
	EndGlobalSection
EndGlobal
